lockfileVersion: 5.3

specifiers:
  gogocode: ^1.0.40

dependencies:
  gogocode: 1.0.40

packages:

  /@babel/helper-validator-identifier/7.15.7:
    resolution: {integrity: sha1-Ig35k7/pBKSmsCq08zhaXr9uI4k=, tarball: https://artifactory.tusimple.ai:443/artifactory/api/npm/npm-infra-common/@babel/helper-validator-identifier/-/helper-validator-identifier-7.15.7.tgz}
    engines: {node: '>=6.9.0'}
    dev: false

  /@babel/parser/7.16.4:
    resolution: {integrity: sha1-1fkvV88sdP/ps3mBwOcv7nMRNy4=, tarball: https://artifactory.tusimple.ai:443/artifactory/api/npm/npm-infra-common/@babel/parser/-/parser-7.16.4.tgz}
    engines: {node: '>=6.0.0'}
    hasBin: true
    dev: false

  /@babel/types/7.16.0:
    resolution: {integrity: sha1-2zsxOAT5aq3Qt3bEgj4SetZyibo=, tarball: https://artifactory.tusimple.ai:443/artifactory/api/npm/npm-infra-common/@babel/types/-/types-7.16.0.tgz}
    engines: {node: '>=6.9.0'}
    dependencies:
      '@babel/helper-validator-identifier': 7.15.7
      to-fast-properties: 2.0.0
    dev: false

  /@vue/compiler-core/3.0.11:
    resolution: {integrity: sha1-XvV55G17M2uHNSKHWNHCxQWq5po=, tarball: https://artifactory.tusimple.ai:443/artifactory/api/npm/npm-infra-common/@vue/compiler-core/-/compiler-core-3.0.11.tgz}
    dependencies:
      '@babel/parser': 7.16.4
      '@babel/types': 7.16.0
      '@vue/shared': 3.0.11
      estree-walker: 2.0.2
      source-map: 0.6.1
    dev: false

  /@vue/compiler-dom/3.0.11:
    resolution: {integrity: sha1-sV/ByQk3H9ZxdGAgulW12rSnMO4=, tarball: https://artifactory.tusimple.ai:443/artifactory/api/npm/npm-infra-common/@vue/compiler-dom/-/compiler-dom-3.0.11.tgz}
    dependencies:
      '@vue/compiler-core': 3.0.11
      '@vue/shared': 3.0.11
    dev: false

  /@vue/compiler-ssr/3.0.11:
    resolution: {integrity: sha1-rFoF/RJXQS+mYHnII9ggO2qImhM=, tarball: https://artifactory.tusimple.ai:443/artifactory/api/npm/npm-infra-common/@vue/compiler-ssr/-/compiler-ssr-3.0.11.tgz}
    dependencies:
      '@vue/compiler-dom': 3.0.11
      '@vue/shared': 3.0.11
    dev: false

  /@vue/shared/3.0.11:
    resolution: {integrity: sha1-INIt0Np9NYuyHBf5vehigVJkLHc=, tarball: https://artifactory.tusimple.ai:443/artifactory/api/npm/npm-infra-common/@vue/shared/-/shared-3.0.11.tgz}
    dev: false

  /ast-types-yx/0.14.2:
    resolution: {integrity: sha1-CqD08AJXWbWXgMGtDG9DdzD802M=, tarball: https://artifactory.tusimple.ai:443/artifactory/api/npm/npm-infra-common/ast-types-yx/-/ast-types-yx-0.14.2.tgz}
    engines: {node: '>=4'}
    dependencies:
      tslib: 2.3.1
    dev: false

  /balanced-match/1.0.2:
    resolution: {integrity: sha1-6D46fj8wCzTLnYf2FfoMvzV2kO4=, tarball: https://artifactory.tusimple.ai:443/artifactory/api/npm/npm-infra-common/balanced-match/-/balanced-match-1.0.2.tgz}
    dev: false

  /big.js/5.2.2:
    resolution: {integrity: sha1-ZfCvOC9Xi83HQr2cKB6cstd2gyg=, tarball: https://artifactory.tusimple.ai:443/artifactory/api/npm/npm-infra-common/big.js/-/big.js-5.2.2.tgz}
    dev: false

  /brace-expansion/1.1.11:
    resolution: {integrity: sha1-PH/L9SnYcibz0vUrlm/1Jx60Qd0=, tarball: https://artifactory.tusimple.ai:443/artifactory/api/npm/npm-infra-common/brace-expansion/-/brace-expansion-1.1.11.tgz}
    dependencies:
      balanced-match: 1.0.2
      concat-map: 0.0.1
    dev: false

  /concat-map/0.0.1:
    resolution: {integrity: sha1-2Klr13/Wjfd5OnMDajug1UBdR3s=, tarball: https://artifactory.tusimple.ai:443/artifactory/api/npm/npm-infra-common/concat-map/-/concat-map-0.0.1.tgz}
    dev: false

  /cssesc/3.0.0:
    resolution: {integrity: sha1-N3QZGZA7hoVl4cCep0dEXNGJg+4=, tarball: https://artifactory.tusimple.ai:443/artifactory/api/npm/npm-infra-common/cssesc/-/cssesc-3.0.0.tgz}
    engines: {node: '>=4'}
    hasBin: true
    dev: false

  /emojis-list/3.0.0:
    resolution: {integrity: sha1-VXBmIEatKeLpFucariYKvf9Pang=, tarball: https://artifactory.tusimple.ai:443/artifactory/api/npm/npm-infra-common/emojis-list/-/emojis-list-3.0.0.tgz}
    engines: {node: '>= 4'}
    dev: false

  /esprima/4.0.1:
    resolution: {integrity: sha1-E7BM2z5sXRnfkatph6hpVhmwqnE=, tarball: https://artifactory.tusimple.ai:443/artifactory/api/npm/npm-infra-common/esprima/-/esprima-4.0.1.tgz}
    engines: {node: '>=4'}
    hasBin: true
    dev: false

  /estree-walker/2.0.2:
    resolution: {integrity: sha1-UvAQF4wqTBF6d1fP6UKtt9LaTKw=, tarball: https://artifactory.tusimple.ai:443/artifactory/api/npm/npm-infra-common/estree-walker/-/estree-walker-2.0.2.tgz}
    dev: false

  /fs.realpath/1.0.0:
    resolution: {integrity: sha1-FQStJSMVjKpA20onh8sBQRmU6k8=, tarball: https://artifactory.tusimple.ai:443/artifactory/api/npm/npm-infra-common/fs.realpath/-/fs.realpath-1.0.0.tgz}
    dev: false

  /generic-names/2.0.1:
    resolution: {integrity: sha1-+KN46tLMqno08DF7BVVIMq5BuHI=, tarball: https://artifactory.tusimple.ai:443/artifactory/api/npm/npm-infra-common/generic-names/-/generic-names-2.0.1.tgz}
    dependencies:
      loader-utils: 1.4.0
    dev: false

  /glob/7.2.0:
    resolution: {integrity: sha1-0VU1r3cy4C6Uj0xBYovZECk/YCM=, tarball: https://artifactory.tusimple.ai:443/artifactory/api/npm/npm-infra-common/glob/-/glob-7.2.0.tgz}
    dependencies:
      fs.realpath: 1.0.0
      inflight: 1.0.6
      inherits: 2.0.4
      minimatch: 3.0.4
      once: 1.4.0
      path-is-absolute: 1.0.1
    dev: false

  /gogocode/1.0.40:
    resolution: {integrity: sha1-nwpIsQWjROcnCFWsFwQLg2J0fw0=, tarball: https://artifactory.tusimple.ai:443/artifactory/api/npm/npm-infra-common/gogocode/-/gogocode-1.0.40.tgz}
    dependencies:
      '@babel/parser': 7.16.4
      glob: 7.2.0
      hyntax-yx: 1.0.8
      indent-string: 4.0.0
      recast-yx: 0.18.12
      vue3-browser-compiler-yx: 1.0.1
    transitivePeerDependencies:
      - vue
    dev: false

  /hash-sum/2.0.0:
    resolution: {integrity: sha1-gdAbtd6OpKIUrV1urRtSNGCwtFo=, tarball: https://artifactory.tusimple.ai:443/artifactory/api/npm/npm-infra-common/hash-sum/-/hash-sum-2.0.0.tgz}
    dev: false

  /hyntax-yx/1.0.8:
    resolution: {integrity: sha1-imoQanMgb6dghk8XMt4KzgOIh9A=, tarball: https://artifactory.tusimple.ai:443/artifactory/api/npm/npm-infra-common/hyntax-yx/-/hyntax-yx-1.0.8.tgz}
    engines: {node: '>=6.11.1', npm: '>=5.3.0'}
    dev: false

  /icss-replace-symbols/1.1.0:
    resolution: {integrity: sha1-Bupvg2ead0njhs/h/oEq5dsiPe0=, tarball: https://artifactory.tusimple.ai:443/artifactory/api/npm/npm-infra-common/icss-replace-symbols/-/icss-replace-symbols-1.1.0.tgz}
    dev: false

  /icss-utils/5.1.0_postcss@8.4.4:
    resolution: {integrity: sha1-xr5oWKvQE9do6YNmrkfiXViHsa4=, tarball: https://artifactory.tusimple.ai:443/artifactory/api/npm/npm-infra-common/icss-utils/-/icss-utils-5.1.0.tgz}
    engines: {node: ^10 || ^12 || >= 14}
    peerDependencies:
      postcss: ^8.1.0
    dependencies:
      postcss: 8.4.4
    dev: false

  /indent-string/4.0.0:
    resolution: {integrity: sha1-Yk+PRJfWGbLZdoUx1Y9BIoVNclE=, tarball: https://artifactory.tusimple.ai:443/artifactory/api/npm/npm-infra-common/indent-string/-/indent-string-4.0.0.tgz}
    engines: {node: '>=8'}
    dev: false

  /inflight/1.0.6:
    resolution: {integrity: sha1-Sb1jMdfQLQwJvJEKEHW6gWW1bfk=, tarball: https://artifactory.tusimple.ai:443/artifactory/api/npm/npm-infra-common/inflight/-/inflight-1.0.6.tgz}
    dependencies:
      once: 1.4.0
      wrappy: 1.0.2
    dev: false

  /inherits/2.0.4:
    resolution: {integrity: sha1-D6LGT5MpF8NDOg3tVTY6rjdBa3w=, tarball: https://artifactory.tusimple.ai:443/artifactory/api/npm/npm-infra-common/inherits/-/inherits-2.0.4.tgz}
    dev: false

  /json5/1.0.1:
    resolution: {integrity: sha1-d5+wAYYE+oVOrL9iUhgNg1Q+Pb4=, tarball: https://artifactory.tusimple.ai:443/artifactory/api/npm/npm-infra-common/json5/-/json5-1.0.1.tgz}
    hasBin: true
    dependencies:
      minimist: 1.2.5
    dev: false

  /loader-utils/1.4.0:
    resolution: {integrity: sha1-xXm140yzSxp07cbB+za/o3HVphM=, tarball: https://artifactory.tusimple.ai:443/artifactory/api/npm/npm-infra-common/loader-utils/-/loader-utils-1.4.0.tgz}
    engines: {node: '>=4.0.0'}
    dependencies:
      big.js: 5.2.2
      emojis-list: 3.0.0
      json5: 1.0.1
    dev: false

  /lodash.camelcase/4.3.0:
    resolution: {integrity: sha1-soqmKIorn8ZRA1x3EfZathkDMaY=, tarball: https://artifactory.tusimple.ai:443/artifactory/api/npm/npm-infra-common/lodash.camelcase/-/lodash.camelcase-4.3.0.tgz}
    dev: false

  /lru-cache/5.1.1:
    resolution: {integrity: sha1-HaJ+ZxAnGUdpXa9oSOhH8B2EuSA=, tarball: https://artifactory.tusimple.ai:443/artifactory/api/npm/npm-infra-common/lru-cache/-/lru-cache-5.1.1.tgz}
    dependencies:
      yallist: 3.1.1
    dev: false

  /magic-string/0.25.7:
    resolution: {integrity: sha1-P0l9b9NMZpxnmNy4IfLvMfVEUFE=, tarball: https://artifactory.tusimple.ai:443/artifactory/api/npm/npm-infra-common/magic-string/-/magic-string-0.25.7.tgz}
    dependencies:
      sourcemap-codec: 1.4.8
    dev: false

  /merge-source-map/1.1.0:
    resolution: {integrity: sha1-L93n5gIJOfcJBqaPLXrmheTIxkY=, tarball: https://artifactory.tusimple.ai:443/artifactory/api/npm/npm-infra-common/merge-source-map/-/merge-source-map-1.1.0.tgz}
    dependencies:
      source-map: 0.6.1
    dev: false

  /minimatch/3.0.4:
    resolution: {integrity: sha1-UWbihkV/AzBgZL5Ul+jbsMPTIIM=, tarball: https://artifactory.tusimple.ai:443/artifactory/api/npm/npm-infra-common/minimatch/-/minimatch-3.0.4.tgz}
    dependencies:
      brace-expansion: 1.1.11
    dev: false

  /minimist/1.2.5:
    resolution: {integrity: sha1-Z9ZgFLZqaoqqDAg8X9WN9OTpdgI=, tarball: https://artifactory.tusimple.ai:443/artifactory/api/npm/npm-infra-common/minimist/-/minimist-1.2.5.tgz}
    dev: false

  /nanoid/3.1.30:
    resolution: {integrity: sha1-Y/k8xUjSoRPcXfvGO/oJ4rm2Q2I=, tarball: https://artifactory.tusimple.ai:443/artifactory/api/npm/npm-infra-common/nanoid/-/nanoid-3.1.30.tgz}
    engines: {node: ^10 || ^12 || ^13.7 || ^14 || >=15.0.1}
    hasBin: true
    dev: false

  /once/1.4.0:
    resolution: {integrity: sha1-WDsap3WWHUsROsF9nFC6753Xa9E=, tarball: https://artifactory.tusimple.ai:443/artifactory/api/npm/npm-infra-common/once/-/once-1.4.0.tgz}
    dependencies:
      wrappy: 1.0.2
    dev: false

  /path-is-absolute/1.0.1:
    resolution: {integrity: sha1-F0uSaHNVNP+8es5r9TpanhtcX18=, tarball: https://artifactory.tusimple.ai:443/artifactory/api/npm/npm-infra-common/path-is-absolute/-/path-is-absolute-1.0.1.tgz}
    engines: {node: '>=0.10.0'}
    dev: false

  /picocolors/1.0.0:
    resolution: {integrity: sha1-y1vcdP8/UYkiNur3nWi8RFZKuBw=, tarball: https://artifactory.tusimple.ai:443/artifactory/api/npm/npm-infra-common/picocolors/-/picocolors-1.0.0.tgz}
    dev: false

  /postcss-modules-extract-imports/3.0.0_postcss@8.4.4:
    resolution: {integrity: sha1-zaHwR8CugMl9vijD52pDuIAldB0=, tarball: https://artifactory.tusimple.ai:443/artifactory/api/npm/npm-infra-common/postcss-modules-extract-imports/-/postcss-modules-extract-imports-3.0.0.tgz}
    engines: {node: ^10 || ^12 || >= 14}
    peerDependencies:
      postcss: ^8.1.0
    dependencies:
      postcss: 8.4.4
    dev: false

  /postcss-modules-local-by-default/4.0.0_postcss@8.4.4:
    resolution: {integrity: sha1-67tU+uFZjuz99pGgKz/zs5ClpRw=, tarball: https://artifactory.tusimple.ai:443/artifactory/api/npm/npm-infra-common/postcss-modules-local-by-default/-/postcss-modules-local-by-default-4.0.0.tgz}
    engines: {node: ^10 || ^12 || >= 14}
    peerDependencies:
      postcss: ^8.1.0
    dependencies:
      icss-utils: 5.1.0_postcss@8.4.4
      postcss: 8.4.4
      postcss-selector-parser: 6.0.6
      postcss-value-parser: 4.2.0
    dev: false

  /postcss-modules-scope/3.0.0_postcss@8.4.4:
    resolution: {integrity: sha1-nvMVFFbTu/oSDKRImN/Kby+gHwY=, tarball: https://artifactory.tusimple.ai:443/artifactory/api/npm/npm-infra-common/postcss-modules-scope/-/postcss-modules-scope-3.0.0.tgz}
    engines: {node: ^10 || ^12 || >= 14}
    peerDependencies:
      postcss: ^8.1.0
    dependencies:
      postcss: 8.4.4
      postcss-selector-parser: 6.0.6
    dev: false

  /postcss-modules-values/4.0.0_postcss@8.4.4:
    resolution: {integrity: sha1-18Xn5ow7s8myfL9Iyguz/7RgLJw=, tarball: https://artifactory.tusimple.ai:443/artifactory/api/npm/npm-infra-common/postcss-modules-values/-/postcss-modules-values-4.0.0.tgz}
    engines: {node: ^10 || ^12 || >= 14}
    peerDependencies:
      postcss: ^8.1.0
    dependencies:
      icss-utils: 5.1.0_postcss@8.4.4
      postcss: 8.4.4
    dev: false

  /postcss-modules/4.2.2_postcss@8.4.4:
    resolution: {integrity: sha1-Xnd3xaiWTqF2kZ2QsuVO+JEyHOU=, tarball: https://artifactory.tusimple.ai:443/artifactory/api/npm/npm-infra-common/postcss-modules/-/postcss-modules-4.2.2.tgz}
    peerDependencies:
      postcss: ^8.0.0
    dependencies:
      generic-names: 2.0.1
      icss-replace-symbols: 1.1.0
      lodash.camelcase: 4.3.0
      postcss: 8.4.4
      postcss-modules-extract-imports: 3.0.0_postcss@8.4.4
      postcss-modules-local-by-default: 4.0.0_postcss@8.4.4
      postcss-modules-scope: 3.0.0_postcss@8.4.4
      postcss-modules-values: 4.0.0_postcss@8.4.4
      string-hash: 1.1.3
    dev: false

  /postcss-selector-parser/6.0.6:
    resolution: {integrity: sha1-LFu6gXSsL2mBq2MaQqsO5UrzMuo=, tarball: https://artifactory.tusimple.ai:443/artifactory/api/npm/npm-infra-common/postcss-selector-parser/-/postcss-selector-parser-6.0.6.tgz}
    engines: {node: '>=4'}
    dependencies:
      cssesc: 3.0.0
      util-deprecate: 1.0.2
    dev: false

  /postcss-value-parser/4.2.0:
    resolution: {integrity: sha1-cjwJkgg2um0+WvAZ+SvAlxwC5RQ=, tarball: https://artifactory.tusimple.ai:443/artifactory/api/npm/npm-infra-common/postcss-value-parser/-/postcss-value-parser-4.2.0.tgz}
    dev: false

  /postcss/8.4.4:
    resolution: {integrity: sha1-1T1Oxqdf1iVXpmu0GXi/R/8MKGk=, tarball: https://artifactory.tusimple.ai:443/artifactory/api/npm/npm-infra-common/postcss/-/postcss-8.4.4.tgz}
    engines: {node: ^10 || ^12 || >=14}
    dependencies:
      nanoid: 3.1.30
      picocolors: 1.0.0
      source-map-js: 1.0.1
    dev: false

  /private/0.1.8:
    resolution: {integrity: sha1-I4Hts2ifelPWUxkAYPz4ItLzaP8=, tarball: https://artifactory.tusimple.ai:443/artifactory/api/npm/npm-infra-common/private/-/private-0.1.8.tgz}
    engines: {node: '>= 0.6'}
    dev: false

  /recast-yx/0.18.12:
    resolution: {integrity: sha1-Bu/Wc2duLjBiFj0Bg/9Wh6cNxxg=, tarball: https://artifactory.tusimple.ai:443/artifactory/api/npm/npm-infra-common/recast-yx/-/recast-yx-0.18.12.tgz}
    engines: {node: '>= 4'}
    dependencies:
      ast-types-yx: 0.14.2
      esprima: 4.0.1
      private: 0.1.8
      source-map: 0.6.1
    dev: false

  /source-map-js/1.0.1:
    resolution: {integrity: sha1-oXQcEx48d9BIJSrfok4juQhnDK8=, tarball: https://artifactory.tusimple.ai:443/artifactory/api/npm/npm-infra-common/source-map-js/-/source-map-js-1.0.1.tgz}
    engines: {node: '>=0.10.0'}
    dev: false

  /source-map/0.6.1:
    resolution: {integrity: sha1-dHIq8y6WFOnCh6jQu95IteLxomM=, tarball: https://artifactory.tusimple.ai:443/artifactory/api/npm/npm-infra-common/source-map/-/source-map-0.6.1.tgz}
    engines: {node: '>=0.10.0'}
    dev: false

  /sourcemap-codec/1.4.8:
    resolution: {integrity: sha1-6oBL2UhXQC5pktBaOO8a41qatMQ=, tarball: https://artifactory.tusimple.ai:443/artifactory/api/npm/npm-infra-common/sourcemap-codec/-/sourcemap-codec-1.4.8.tgz}
    dev: false

  /string-hash/1.1.3:
    resolution: {integrity: sha1-6Kr8CsGFW0Zmkp7X3RJ1311sgRs=, tarball: https://artifactory.tusimple.ai:443/artifactory/api/npm/npm-infra-common/string-hash/-/string-hash-1.1.3.tgz}
    dev: false

  /to-fast-properties/2.0.0:
    resolution: {integrity: sha1-3F5pjL0HkmW8c+A3doGk5Og/YW4=, tarball: https://artifactory.tusimple.ai:443/artifactory/api/npm/npm-infra-common/to-fast-properties/-/to-fast-properties-2.0.0.tgz}
    engines: {node: '>=4'}
    dev: false

  /tslib/2.3.1:
    resolution: {integrity: sha1-6KM1rdXOrlGqJh0ypJAVjvBC7wE=, tarball: https://artifactory.tusimple.ai:443/artifactory/api/npm/npm-infra-common/tslib/-/tslib-2.3.1.tgz}
    dev: false

  /util-deprecate/1.0.2:
    resolution: {integrity: sha1-RQ1Nyfpw3nMnYvvS1KKJgUGaDM8=, tarball: https://artifactory.tusimple.ai:443/artifactory/api/npm/npm-infra-common/util-deprecate/-/util-deprecate-1.0.2.tgz}
    dev: false

  /vue3-browser-compiler-yx/1.0.1:
    resolution: {integrity: sha1-AHulyAKQhaMavMmRUHrnPcJ9LhI=, tarball: https://artifactory.tusimple.ai:443/artifactory/api/npm/npm-infra-common/vue3-browser-compiler-yx/-/vue3-browser-compiler-yx-1.0.1.tgz}
    peerDependencies:
      vue: 3.0.11
    dependencies:
      '@babel/parser': 7.16.4
      '@babel/types': 7.16.0
      '@vue/compiler-core': 3.0.11
      '@vue/compiler-dom': 3.0.11
      '@vue/compiler-ssr': 3.0.11
      '@vue/shared': 3.0.11
      estree-walker: 2.0.2
      hash-sum: 2.0.0
      lru-cache: 5.1.1
      magic-string: 0.25.7
      merge-source-map: 1.1.0
      postcss: 8.4.4
      postcss-modules: 4.2.2_postcss@8.4.4
      postcss-selector-parser: 6.0.6
      source-map: 0.6.1
    dev: false

  /wrappy/1.0.2:
    resolution: {integrity: sha1-tSQ9jz7BqjXxNkYFvA0QNuMKtp8=, tarball: https://artifactory.tusimple.ai:443/artifactory/api/npm/npm-infra-common/wrappy/-/wrappy-1.0.2.tgz}
    dev: false

  /yallist/3.1.1:
    resolution: {integrity: sha1-27fa+b/YusmrRev2ArjLrQ1dCP0=, tarball: https://artifactory.tusimple.ai:443/artifactory/api/npm/npm-infra-common/yallist/-/yallist-3.1.1.tgz}
    dev: false
